
Microsoft Visual Studio Solution File, Format Version 12.00
# Visual Studio Version 16
VisualStudioVersion = 16.0.35826.135
MinimumVisualStudioVersion = 10.0.40219.1
Project("{F184B08F-C81C-45F6-A57F-5ABD9991F28F}") = "positivo negativo o cero", "positivo negativo o cero\positivo negativo o cero.vbproj", "{D781D16D-0E4E-420E-B290-62B7E9C826C9}"
EndProject
Global
	GlobalSection(SolutionConfigurationPlatforms) = preSolution
		Debug|Any CPU = Debug|Any CPU
		Release|Any CPU = Release|Any CPU
	EndGlobalSection
	GlobalSection(ProjectConfigurationPlatforms) = postSolution
		{D781D16D-0E4E-420E-B290-62B7E9C826C9}.Debug|Any CPU.ActiveCfg = Debug|Any CPU
		{D781D16D-0E4E-420E-B290-62B7E9C826C9}.Debug|Any CPU.Build.0 = Debug|Any CPU
		{D781D16D-0E4E-420E-B290-62B7E9C826C9}.Release|Any CPU.ActiveCfg = Release|Any CPU
		{D781D16D-0E4E-420E-B290-62B7E9C826C9}.Release|Any CPU.Build.0 = Release|Any CPU
	EndGlobalSection
	GlobalSection(SolutionProperties) = preSolution
		HideSolutionNode = FALSE
	EndGlobalSection
	GlobalSection(ExtensibilityGlobals) = postSolution
		SolutionGuid = {D03DC3BB-62AA-4004-AE7C-741043DB3689}
	EndGlobalSection
EndGlobal
