
Microsoft Visual Studio Solution File, Format Version 12.00
# Visual Studio Version 16
VisualStudioVersion = 16.0.35826.135
MinimumVisualStudioVersion = 10.0.40219.1
Project("{F184B08F-C81C-45F6-A57F-5ABD9991F28F}") = "suma resta multipliacion division", "suma resta multipliacion division\suma resta multipliacion division.vbproj", "{46224E16-A3CF-4AC3-8D25-03BCCD660D4E}"
EndProject
Global
	GlobalSection(SolutionConfigurationPlatforms) = preSolution
		Debug|Any CPU = Debug|Any CPU
		Release|Any CPU = Release|Any CPU
	EndGlobalSection
	GlobalSection(ProjectConfigurationPlatforms) = postSolution
		{46224E16-A3CF-4AC3-8D25-03BCCD660D4E}.Debug|Any CPU.ActiveCfg = Debug|Any CPU
		{46224E16-A3CF-4AC3-8D25-03BCCD660D4E}.Debug|Any CPU.Build.0 = Debug|Any CPU
		{46224E16-A3CF-4AC3-8D25-03BCCD660D4E}.Release|Any CPU.ActiveCfg = Release|Any CPU
		{46224E16-A3CF-4AC3-8D25-03BCCD660D4E}.Release|Any CPU.Build.0 = Release|Any CPU
	EndGlobalSection
	GlobalSection(SolutionProperties) = preSolution
		HideSolutionNode = FALSE
	EndGlobalSection
	GlobalSection(ExtensibilityGlobals) = postSolution
		SolutionGuid = {2005C4E5-F8C3-4077-A9F1-C5429385FBDA}
	EndGlobalSection
EndGlobal
