
Microsoft Visual Studio Solution File, Format Version 12.00
# Visual Studio Version 16
VisualStudioVersion = 16.0.35826.135
MinimumVisualStudioVersion = 10.0.40219.1
Project("{F184B08F-C81C-45F6-A57F-5ABD9991F28F}") = "Picture box", "Picture box\Picture box.vbproj", "{42A65AA2-FC91-42CB-A4B3-4A80197E77A0}"
EndProject
Global
	GlobalSection(SolutionConfigurationPlatforms) = preSolution
		Debug|Any CPU = Debug|Any CPU
		Release|Any CPU = Release|Any CPU
	EndGlobalSection
	GlobalSection(ProjectConfigurationPlatforms) = postSolution
		{42A65AA2-FC91-42CB-A4B3-4A80197E77A0}.Debug|Any CPU.ActiveCfg = Debug|Any CPU
		{42A65AA2-FC91-42CB-A4B3-4A80197E77A0}.Debug|Any CPU.Build.0 = Debug|Any CPU
		{42A65AA2-FC91-42CB-A4B3-4A80197E77A0}.Release|Any CPU.ActiveCfg = Release|Any CPU
		{42A65AA2-FC91-42CB-A4B3-4A80197E77A0}.Release|Any CPU.Build.0 = Release|Any CPU
	EndGlobalSection
	GlobalSection(SolutionProperties) = preSolution
		HideSolutionNode = FALSE
	EndGlobalSection
	GlobalSection(ExtensibilityGlobals) = postSolution
		SolutionGuid = {815805F5-C783-4FAE-AABE-D5BB180CA8D8}
	EndGlobalSection
EndGlobal
