
Microsoft Visual Studio Solution File, Format Version 12.00
# Visual Studio Version 16
VisualStudioVersion = 16.0.35826.135
MinimumVisualStudioVersion = 10.0.40219.1
Project("{F184B08F-C81C-45F6-A57F-5ABD9991F28F}") = "lista de nombres agregar y  eliminar", "lista de nombres agregar y  eliminar\lista de nombres agregar y  eliminar.vbproj", "{9A7BD262-084B-4511-B2BE-2168E2215242}"
EndProject
Global
	GlobalSection(SolutionConfigurationPlatforms) = preSolution
		Debug|Any CPU = Debug|Any CPU
		Release|Any CPU = Release|Any CPU
	EndGlobalSection
	GlobalSection(ProjectConfigurationPlatforms) = postSolution
		{9A7BD262-084B-4511-B2BE-2168E2215242}.Debug|Any CPU.ActiveCfg = Debug|Any CPU
		{9A7BD262-084B-4511-B2BE-2168E2215242}.Debug|Any CPU.Build.0 = Debug|Any CPU
		{9A7BD262-084B-4511-B2BE-2168E2215242}.Release|Any CPU.ActiveCfg = Release|Any CPU
		{9A7BD262-084B-4511-B2BE-2168E2215242}.Release|Any CPU.Build.0 = Release|Any CPU
	EndGlobalSection
	GlobalSection(SolutionProperties) = preSolution
		HideSolutionNode = FALSE
	EndGlobalSection
	GlobalSection(ExtensibilityGlobals) = postSolution
		SolutionGuid = {A5197820-CC13-4346-99FD-A6CB0C646B86}
	EndGlobalSection
EndGlobal
