
Microsoft Visual Studio Solution File, Format Version 12.00
# Visual Studio Version 16
VisualStudioVersion = 16.0.35826.135
MinimumVisualStudioVersion = 10.0.40219.1
Project("{F184B08F-C81C-45F6-A57F-5ABD9991F28F}") = "Ejercicio 1", "Ejercicio 1\Ejercicio 1.vbproj", "{F92FD6F1-720A-4992-A0B8-B32D854F20C2}"
EndProject
Global
	GlobalSection(SolutionConfigurationPlatforms) = preSolution
		Debug|Any CPU = Debug|Any CPU
		Release|Any CPU = Release|Any CPU
	EndGlobalSection
	GlobalSection(ProjectConfigurationPlatforms) = postSolution
		{F92FD6F1-720A-4992-A0B8-B32D854F20C2}.Debug|Any CPU.ActiveCfg = Debug|Any CPU
		{F92FD6F1-720A-4992-A0B8-B32D854F20C2}.Debug|Any CPU.Build.0 = Debug|Any CPU
		{F92FD6F1-720A-4992-A0B8-B32D854F20C2}.Release|Any CPU.ActiveCfg = Release|Any CPU
		{F92FD6F1-720A-4992-A0B8-B32D854F20C2}.Release|Any CPU.Build.0 = Release|Any CPU
	EndGlobalSection
	GlobalSection(SolutionProperties) = preSolution
		HideSolutionNode = FALSE
	EndGlobalSection
	GlobalSection(ExtensibilityGlobals) = postSolution
		SolutionGuid = {1C4BECD1-6585-4975-8ECE-99A26689CC82}
	EndGlobalSection
EndGlobal
